
Microsoft Visual Studio Solution File, Format Version 12.00
# Visual Studio 15
VisualStudioVersion = 15.0.27428.2002
MinimumVisualStudioVersion = 10.0.40219.1
Project("{FAE04EC0-301F-11D3-BF4B-00C04F79EFBC}") = "NugetCheckCrashRepro", "NugetCheckCrashRepro\NugetCheckCrashRepro.csproj", "{F25DA9BE-25D8-47AE-9341-EE2686A917E0}"
EndProject
Global
	GlobalSection(SolutionConfigurationPlatforms) = preSolution
		Debug|Any CPU = Debug|Any CPU
		Release|Any CPU = Release|Any CPU
	EndGlobalSection
	GlobalSection(ProjectConfigurationPlatforms) = postSolution
		{F25DA9BE-25D8-47AE-9341-EE2686A917E0}.Debug|Any CPU.ActiveCfg = Debug|Any CPU
		{F25DA9BE-25D8-47AE-9341-EE2686A917E0}.Debug|Any CPU.Build.0 = Debug|Any CPU
		{F25DA9BE-25D8-47AE-9341-EE2686A917E0}.Release|Any CPU.ActiveCfg = Release|Any CPU
		{F25DA9BE-25D8-47AE-9341-EE2686A917E0}.Release|Any CPU.Build.0 = Release|Any CPU
	EndGlobalSection
	GlobalSection(SolutionProperties) = preSolution
		HideSolutionNode = FALSE
	EndGlobalSection
	GlobalSection(ExtensibilityGlobals) = postSolution
		SolutionGuid = {D4A7513E-AD5E-4F2F-B0EB-F3519165D7A6}
	EndGlobalSection
EndGlobal
